
Microsoft Visual Studio Solution File, Format Version 12.00
# Visual Studio Version 17
VisualStudioVersion = 17.4.33110.190
MinimumVisualStudioVersion = 10.0.40219.1
Project("{9A19103F-16F7-4668-BE54-9A1E7A4F7556}") = "WpfProductionLineApp", "WpfApp1\WpfProductionLineApp.csproj", "{B441AFC3-D7B3-402E-913C-632CBA8469B8}"
EndProject
Project("{FAE04EC0-301F-11D3-BF4B-00C04F79EFBC}") = "TestProject", "TestProject\TestProject.csproj", "{A9DE57BC-772F-44FD-8DAE-AC174FB43922}"
EndProject
Global
	GlobalSection(SolutionConfigurationPlatforms) = preSolution
		Debug|Any CPU = Debug|Any CPU
		Release|Any CPU = Release|Any CPU
	EndGlobalSection
	GlobalSection(ProjectConfigurationPlatforms) = postSolution
		{B441AFC3-D7B3-402E-913C-632CBA8469B8}.Debug|Any CPU.ActiveCfg = Debug|Any CPU
		{B441AFC3-D7B3-402E-913C-632CBA8469B8}.Debug|Any CPU.Build.0 = Debug|Any CPU
		{B441AFC3-D7B3-402E-913C-632CBA8469B8}.Release|Any CPU.ActiveCfg = Release|Any CPU
		{B441AFC3-D7B3-402E-913C-632CBA8469B8}.Release|Any CPU.Build.0 = Release|Any CPU
		{A9DE57BC-772F-44FD-8DAE-AC174FB43922}.Debug|Any CPU.ActiveCfg = Debug|Any CPU
		{A9DE57BC-772F-44FD-8DAE-AC174FB43922}.Debug|Any CPU.Build.0 = Debug|Any CPU
		{A9DE57BC-772F-44FD-8DAE-AC174FB43922}.Release|Any CPU.ActiveCfg = Release|Any CPU
		{A9DE57BC-772F-44FD-8DAE-AC174FB43922}.Release|Any CPU.Build.0 = Release|Any CPU
	EndGlobalSection
	GlobalSection(SolutionProperties) = preSolution
		HideSolutionNode = FALSE
	EndGlobalSection
	GlobalSection(ExtensibilityGlobals) = postSolution
		SolutionGuid = {9BCD02F1-0B96-4FF3-87E8-8277E97C83B3}
	EndGlobalSection
EndGlobal
